
Microsoft Visual Studio Solution File, Format Version 12.00
# Visual Studio Version 17
VisualStudioVersion = 17.11.35312.102
MinimumVisualStudioVersion = 10.0.40219.1
Project("{FAE04EC0-301F-11D3-BF4B-00C04F79EFBC}") = "desktop_projekt", "desktop_projekt\desktop_projekt.csproj", "{D57E64FB-E01F-437E-8DE1-04F4276506D3}"
EndProject
Global
	GlobalSection(SolutionConfigurationPlatforms) = preSolution
		Debug|Any CPU = Debug|Any CPU
		Release|Any CPU = Release|Any CPU
	EndGlobalSection
	GlobalSection(ProjectConfigurationPlatforms) = postSolution
		{D57E64FB-E01F-437E-8DE1-04F4276506D3}.Debug|Any CPU.ActiveCfg = Debug|Any CPU
		{D57E64FB-E01F-437E-8DE1-04F4276506D3}.Debug|Any CPU.Build.0 = Debug|Any CPU
		{D57E64FB-E01F-437E-8DE1-04F4276506D3}.Release|Any CPU.ActiveCfg = Release|Any CPU
		{D57E64FB-E01F-437E-8DE1-04F4276506D3}.Release|Any CPU.Build.0 = Release|Any CPU
	EndGlobalSection
	GlobalSection(SolutionProperties) = preSolution
		HideSolutionNode = FALSE
	EndGlobalSection
	GlobalSection(ExtensibilityGlobals) = postSolution
		SolutionGuid = {D97423F9-AF21-4BA0-839A-233BF05F6EBF}
	EndGlobalSection
EndGlobal
